
Microsoft Visual Studio Solution File, Format Version 12.00
# Visual Studio 15
VisualStudioVersion = 15.0.28010.2016
MinimumVisualStudioVersion = 10.0.40219.1
Project("{FAE04EC0-301F-11D3-BF4B-00C04F79EFBC}") = "Scraper", "Scraper.csproj", "{92543D83-6016-487D-A39A-A4EB2D828149}"
EndProject
Global
	GlobalSection(SolutionConfigurationPlatforms) = preSolution
		Debug|Any CPU = Debug|Any CPU
		Release|Any CPU = Release|Any CPU
	EndGlobalSection
	GlobalSection(ProjectConfigurationPlatforms) = postSolution
		{92543D83-6016-487D-A39A-A4EB2D828149}.Debug|Any CPU.ActiveCfg = Debug|Any CPU
		{92543D83-6016-487D-A39A-A4EB2D828149}.Debug|Any CPU.Build.0 = Debug|Any CPU
		{92543D83-6016-487D-A39A-A4EB2D828149}.Release|Any CPU.ActiveCfg = Release|Any CPU
		{92543D83-6016-487D-A39A-A4EB2D828149}.Release|Any CPU.Build.0 = Release|Any CPU
	EndGlobalSection
	GlobalSection(SolutionProperties) = preSolution
		HideSolutionNode = FALSE
	EndGlobalSection
	GlobalSection(ExtensibilityGlobals) = postSolution
		SolutionGuid = {6F43E362-7BCF-480B-A10D-95050AED7864}
	EndGlobalSection
EndGlobal
